
Microsoft Visual Studio Solution File, Format Version 12.00
# Visual Studio Version 16
VisualStudioVersion = 16.0.29519.181
MinimumVisualStudioVersion = 10.0.40219.1
Project("{FAE04EC0-301F-11D3-BF4B-00C04F79EFBC}") = "ODataSupportClasses", "ODataSupportClasses.csproj", "{685A80F0-E906-4A35-8C84-71A10243BEDF}"
EndProject
Global
	GlobalSection(SolutionConfigurationPlatforms) = preSolution
		Debug|Any CPU = Debug|Any CPU
		Release|Any CPU = Release|Any CPU
	EndGlobalSection
	GlobalSection(ProjectConfigurationPlatforms) = postSolution
		{685A80F0-E906-4A35-8C84-71A10243BEDF}.Debug|Any CPU.ActiveCfg = Debug|Any CPU
		{685A80F0-E906-4A35-8C84-71A10243BEDF}.Debug|Any CPU.Build.0 = Debug|Any CPU
		{685A80F0-E906-4A35-8C84-71A10243BEDF}.Release|Any CPU.ActiveCfg = Release|Any CPU
		{685A80F0-E906-4A35-8C84-71A10243BEDF}.Release|Any CPU.Build.0 = Release|Any CPU
	EndGlobalSection
	GlobalSection(SolutionProperties) = preSolution
		HideSolutionNode = FALSE
	EndGlobalSection
	GlobalSection(ExtensibilityGlobals) = postSolution
		SolutionGuid = {0DF6F7DA-94C9-4E14-87A4-A5D423A7585B}
	EndGlobalSection
EndGlobal
